
Microsoft Visual Studio Solution File, Format Version 12.00
# Visual Studio Version 17
VisualStudioVersion = 17.2.32630.192
MinimumVisualStudioVersion = 10.0.40219.1
Project("{FAE04EC0-301F-11D3-BF4B-00C04F79EFBC}") = "WpfApp_Telecom_Neva_Svyaz", "WpfApp_Telecom_Neva_Svyaz\WpfApp_Telecom_Neva_Svyaz.csproj", "{AFB6868F-7667-42C4-8F05-EFE048D5651F}"
EndProject
Global
	GlobalSection(SolutionConfigurationPlatforms) = preSolution
		Debug|Any CPU = Debug|Any CPU
		Release|Any CPU = Release|Any CPU
	EndGlobalSection
	GlobalSection(ProjectConfigurationPlatforms) = postSolution
		{AFB6868F-7667-42C4-8F05-EFE048D5651F}.Debug|Any CPU.ActiveCfg = Debug|Any CPU
		{AFB6868F-7667-42C4-8F05-EFE048D5651F}.Debug|Any CPU.Build.0 = Debug|Any CPU
		{AFB6868F-7667-42C4-8F05-EFE048D5651F}.Release|Any CPU.ActiveCfg = Release|Any CPU
		{AFB6868F-7667-42C4-8F05-EFE048D5651F}.Release|Any CPU.Build.0 = Release|Any CPU
	EndGlobalSection
	GlobalSection(SolutionProperties) = preSolution
		HideSolutionNode = FALSE
	EndGlobalSection
	GlobalSection(ExtensibilityGlobals) = postSolution
		SolutionGuid = {16C7EBD7-5B32-4994-B995-22043C60B4B1}
	EndGlobalSection
EndGlobal
